
Microsoft Visual Studio Solution File, Format Version 12.00
# Visual Studio 2010
Project("{FAE04EC0-301F-11D3-BF4B-00C04F79EFBC}") = "RootWeb.Mvc", "RootWeb.Mvc\RootWeb.Mvc.csproj", "{8EDC2389-5D52-431D-95FE-A4041148F3D1}"
EndProject
Project("{2150E333-8FDC-42A3-9474-1A3956D46DE8}") = ".nuget", ".nuget", "{1954A0F0-3C31-4BBE-AF7D-88ADEEE89D13}"
	ProjectSection(SolutionItems) = preProject
		.nuget\NuGet.Config = .nuget\NuGet.Config
		.nuget\NuGet.exe = .nuget\NuGet.exe
		.nuget\NuGet.targets = .nuget\NuGet.targets
	EndProjectSection
EndProject
Project("{2150E333-8FDC-42A3-9474-1A3956D46DE8}") = "Solution Items", "Solution Items", "{9329469B-9494-4450-9A35-FC821248C6B8}"
	ProjectSection(SolutionItems) = preProject
		.gitignore = .gitignore
	EndProjectSection
EndProject
Global
	GlobalSection(SolutionConfigurationPlatforms) = preSolution
		Debug|Any CPU = Debug|Any CPU
		Release|Any CPU = Release|Any CPU
	EndGlobalSection
	GlobalSection(ProjectConfigurationPlatforms) = postSolution
		{8EDC2389-5D52-431D-95FE-A4041148F3D1}.Debug|Any CPU.ActiveCfg = Debug|Any CPU
		{8EDC2389-5D52-431D-95FE-A4041148F3D1}.Debug|Any CPU.Build.0 = Debug|Any CPU
		{8EDC2389-5D52-431D-95FE-A4041148F3D1}.Release|Any CPU.ActiveCfg = Release|Any CPU
		{8EDC2389-5D52-431D-95FE-A4041148F3D1}.Release|Any CPU.Build.0 = Release|Any CPU
	EndGlobalSection
	GlobalSection(SolutionProperties) = preSolution
		HideSolutionNode = FALSE
	EndGlobalSection
EndGlobal
